
Microsoft Visual Studio Solution File, Format Version 12.00
# Visual Studio Version 16
VisualStudioVersion = 16.0.30002.166
MinimumVisualStudioVersion = 10.0.40219.1
Project("{FAE04EC0-301F-11D3-BF4B-00C04F79EFBC}") = "DataBaseReadWriteSeparation", "DataBaseReadWriteSeparation\DataBaseReadWriteSeparation.csproj", "{3F119490-AD03-4B40-9497-CB9729FF1030}"
EndProject
Project("{FAE04EC0-301F-11D3-BF4B-00C04F79EFBC}") = "DatabaseChoose", "DatabaseChoose\DatabaseChoose.csproj", "{9FE0F922-E68A-4B4E-BFC0-DCBFD5F3AEB9}"
EndProject
Global
	GlobalSection(SolutionConfigurationPlatforms) = preSolution
		Debug|Any CPU = Debug|Any CPU
		Release|Any CPU = Release|Any CPU
	EndGlobalSection
	GlobalSection(ProjectConfigurationPlatforms) = postSolution
		{3F119490-AD03-4B40-9497-CB9729FF1030}.Debug|Any CPU.ActiveCfg = Debug|Any CPU
		{3F119490-AD03-4B40-9497-CB9729FF1030}.Debug|Any CPU.Build.0 = Debug|Any CPU
		{3F119490-AD03-4B40-9497-CB9729FF1030}.Release|Any CPU.ActiveCfg = Release|Any CPU
		{3F119490-AD03-4B40-9497-CB9729FF1030}.Release|Any CPU.Build.0 = Release|Any CPU
		{9FE0F922-E68A-4B4E-BFC0-DCBFD5F3AEB9}.Debug|Any CPU.ActiveCfg = Debug|Any CPU
		{9FE0F922-E68A-4B4E-BFC0-DCBFD5F3AEB9}.Debug|Any CPU.Build.0 = Debug|Any CPU
		{9FE0F922-E68A-4B4E-BFC0-DCBFD5F3AEB9}.Release|Any CPU.ActiveCfg = Release|Any CPU
		{9FE0F922-E68A-4B4E-BFC0-DCBFD5F3AEB9}.Release|Any CPU.Build.0 = Release|Any CPU
	EndGlobalSection
	GlobalSection(SolutionProperties) = preSolution
		HideSolutionNode = FALSE
	EndGlobalSection
	GlobalSection(ExtensibilityGlobals) = postSolution
		SolutionGuid = {91DFBDC6-30BD-4753-9330-7D937C066B41}
	EndGlobalSection
EndGlobal
